
Microsoft Visual Studio Solution File, Format Version 12.00
# Visual Studio 15
VisualStudioVersion = 15.0.28010.2016
MinimumVisualStudioVersion = 10.0.40219.1
Project("{9A19103F-16F7-4668-BE54-9A1E7A4F7556}") = "Server", "Server\Server.csproj", "{ECB8EDA4-418E-4800-B16F-F685A9B5CB70}"
EndProject
Project("{FAE04EC0-301F-11D3-BF4B-00C04F79EFBC}") = "Client", "Client\Client.csproj", "{CF1DDED3-9162-4F59-8361-A61A0DC7C750}"
EndProject
Global
	GlobalSection(SolutionConfigurationPlatforms) = preSolution
		Debug|Any CPU = Debug|Any CPU
		Release|Any CPU = Release|Any CPU
	EndGlobalSection
	GlobalSection(ProjectConfigurationPlatforms) = postSolution
		{ECB8EDA4-418E-4800-B16F-F685A9B5CB70}.Debug|Any CPU.ActiveCfg = Debug|Any CPU
		{ECB8EDA4-418E-4800-B16F-F685A9B5CB70}.Debug|Any CPU.Build.0 = Debug|Any CPU
		{ECB8EDA4-418E-4800-B16F-F685A9B5CB70}.Release|Any CPU.ActiveCfg = Release|Any CPU
		{ECB8EDA4-418E-4800-B16F-F685A9B5CB70}.Release|Any CPU.Build.0 = Release|Any CPU
		{CF1DDED3-9162-4F59-8361-A61A0DC7C750}.Debug|Any CPU.ActiveCfg = Debug|Any CPU
		{CF1DDED3-9162-4F59-8361-A61A0DC7C750}.Debug|Any CPU.Build.0 = Debug|Any CPU
		{CF1DDED3-9162-4F59-8361-A61A0DC7C750}.Release|Any CPU.ActiveCfg = Release|Any CPU
		{CF1DDED3-9162-4F59-8361-A61A0DC7C750}.Release|Any CPU.Build.0 = Release|Any CPU
	EndGlobalSection
	GlobalSection(SolutionProperties) = preSolution
		HideSolutionNode = FALSE
	EndGlobalSection
	GlobalSection(ExtensibilityGlobals) = postSolution
		SolutionGuid = {CE05D676-F5D6-43C7-B903-E0FA21FD52A7}
	EndGlobalSection
EndGlobal
